# THIS IS AN AUTOGENERATED FILE. DO NOT EDIT THIS FILE DIRECTLY.
# yarn lockfile v1


"@nivo/annotations@0.88.0":
  version "0.88.0"
  resolved "https://registry.yarnpkg.com/@nivo/annotations/-/annotations-0.88.0.tgz#96830d735331dea2b60e66ce3971ef43b45cca8c"
  integrity sha512-NXE+1oIUn+EGWMQpnpeRMLgi2wyuzhGDoJQY4OUHissCUiNotid2oNQ/PXJwN0toiu+/j9SyhzI32xr70OPi7Q==
  dependencies:
    "@nivo/colors" "0.88.0"
    "@nivo/core" "0.88.0"
    "@react-spring/web" "9.4.5 || ^9.7.2"
    lodash "^4.17.21"

"@nivo/axes@0.88.0":
  version "0.88.0"
  resolved "https://registry.yarnpkg.com/@nivo/axes/-/axes-0.88.0.tgz#b773efb217fc0faedbb5f8bc458f4b78820e2761"
  integrity sha512-jF7aIxzTNayV5cI1J/b9Q1FfpMBxTXGk3OwSigXMSfYWlliskDn2u0qGRLiYhuXFdQAWIp4oXsO1GcAQ0eRVdg==
  dependencies:
    "@nivo/core" "0.88.0"
    "@nivo/scales" "0.88.0"
    "@react-spring/web" "9.4.5 || ^9.7.2"
    "@types/d3-format" "^1.4.1"
    "@types/d3-time-format" "^2.3.1"
    d3-format "^1.4.4"
    d3-time-format "^3.0.0"

"@nivo/bar@^0.88.0":
  version "0.88.0"
  resolved "https://registry.yarnpkg.com/@nivo/bar/-/bar-0.88.0.tgz#646f12233c0dc9f2507823bfe30a2f1d76ddae71"
  integrity sha512-wckwuHWeCikxGvvdRfGL+dVFsUD9uHk1r9s7bWUfOD+p8BWhxtYqfXpHolEfgGg3UyPaHtpGA7P4zgE5vgo7gQ==
  dependencies:
    "@nivo/annotations" "0.88.0"
    "@nivo/axes" "0.88.0"
    "@nivo/colors" "0.88.0"
    "@nivo/core" "0.88.0"
    "@nivo/legends" "0.88.0"
    "@nivo/scales" "0.88.0"
    "@nivo/tooltip" "0.88.0"
    "@react-spring/web" "9.4.5 || ^9.7.2"
    "@types/d3-scale" "^4.0.8"
    "@types/d3-shape" "^3.1.6"
    d3-scale "^4.0.2"
    d3-shape "^3.2.0"
    lodash "^4.17.21"

"@nivo/colors@0.88.0":
  version "0.88.0"
  resolved "https://registry.yarnpkg.com/@nivo/colors/-/colors-0.88.0.tgz#2790ac0607381800270f2902e4d957e65e2cad70"
  integrity sha512-IZ+leYIqAlo7dyLHmsQwujanfRgXyoQ5H7PU3RWLEn1PP0zxDKLgEjFEDADpDauuslh2Tx0L81GNkWR6QSP0Mw==
  dependencies:
    "@nivo/core" "0.88.0"
    "@types/d3-color" "^3.0.0"
    "@types/d3-scale" "^4.0.8"
    "@types/d3-scale-chromatic" "^3.0.0"
    "@types/prop-types" "^15.7.2"
    d3-color "^3.1.0"
    d3-scale "^4.0.2"
    d3-scale-chromatic "^3.0.0"
    lodash "^4.17.21"
    prop-types "^15.7.2"

"@nivo/core@0.88.0":
  version "0.88.0"
  resolved "https://registry.yarnpkg.com/@nivo/core/-/core-0.88.0.tgz#ec79c7d63311473f15a463fd78274d9971a52848"
  integrity sha512-XjUkA5MmwjLP38bdrJwn36Gj7T5SYMKD55LYQp/1nIJPdxqJ38dUfE4XyBDfIEgfP6yrHOihw3C63cUdnUBoiw==
  dependencies:
    "@nivo/tooltip" "0.88.0"
    "@react-spring/web" "9.4.5 || ^9.7.2"
    "@types/d3-shape" "^3.1.6"
    d3-color "^3.1.0"
    d3-format "^1.4.4"
    d3-interpolate "^3.0.1"
    d3-scale "^4.0.2"
    d3-scale-chromatic "^3.0.0"
    d3-shape "^3.2.0"
    d3-time-format "^3.0.0"
    lodash "^4.17.21"
    prop-types "^15.7.2"

"@nivo/legends@0.88.0":
  version "0.88.0"
  resolved "https://registry.yarnpkg.com/@nivo/legends/-/legends-0.88.0.tgz#a6007492048358a14bd061472a117ed34e7b0c81"
  integrity sha512-d4DF9pHbD8LmGJlp/Gp1cF4e8y2wfQTcw3jVhbZj9zkb7ZWB7JfeF60VHRfbXNux9bjQ9U78/SssQqueVDPEmg==
  dependencies:
    "@nivo/colors" "0.88.0"
    "@nivo/core" "0.88.0"
    "@types/d3-scale" "^4.0.8"
    d3-scale "^4.0.2"

"@nivo/scales@0.88.0":
  version "0.88.0"
  resolved "https://registry.yarnpkg.com/@nivo/scales/-/scales-0.88.0.tgz#c69110b5ab504debb80a5a01a7824780af241ffb"
  integrity sha512-HbpxkQp6tHCltZ1yDGeqdLcaJl5ze54NPjurfGtx/Uq+H5IQoBd4Tln49bUar5CsFAMsXw8yF1HQvASr7I1SIA==
  dependencies:
    "@types/d3-scale" "^4.0.8"
    "@types/d3-time" "^1.1.1"
    "@types/d3-time-format" "^3.0.0"
    d3-scale "^4.0.2"
    d3-time "^1.0.11"
    d3-time-format "^3.0.0"
    lodash "^4.17.21"

"@nivo/tooltip@0.88.0":
  version "0.88.0"
  resolved "https://registry.yarnpkg.com/@nivo/tooltip/-/tooltip-0.88.0.tgz#b98348c0d617fea09c1bbddccc443c12ca697620"
  integrity sha512-iEjVfQA8gumAzg/yUinjTwswygCkE5Iwuo8opwnrbpNIqMrleBV+EAKIgB0PrzepIoW8CFG/SJhoiRfbU8jhOw==
  dependencies:
    "@nivo/core" "0.88.0"
    "@react-spring/web" "9.4.5 || ^9.7.2"

"@react-spring/animated@~9.7.5":
  version "9.7.5"
  resolved "https://registry.yarnpkg.com/@react-spring/animated/-/animated-9.7.5.tgz#eb0373aaf99b879736b380c2829312dae3b05f28"
  integrity sha512-Tqrwz7pIlsSDITzxoLS3n/v/YCUHQdOIKtOJf4yL6kYVSDTSmVK1LI1Q3M/uu2Sx4X3pIWF3xLUhlsA6SPNTNg==
  dependencies:
    "@react-spring/shared" "~9.7.5"
    "@react-spring/types" "~9.7.5"

"@react-spring/core@~9.7.5":
  version "9.7.5"
  resolved "https://registry.yarnpkg.com/@react-spring/core/-/core-9.7.5.tgz#72159079f52c1c12813d78b52d4f17c0bf6411f7"
  integrity sha512-rmEqcxRcu7dWh7MnCcMXLvrf6/SDlSokLaLTxiPlAYi11nN3B5oiCUAblO72o+9z/87j2uzxa2Inm8UbLjXA+w==
  dependencies:
    "@react-spring/animated" "~9.7.5"
    "@react-spring/shared" "~9.7.5"
    "@react-spring/types" "~9.7.5"

"@react-spring/rafz@~9.7.5":
  version "9.7.5"
  resolved "https://registry.yarnpkg.com/@react-spring/rafz/-/rafz-9.7.5.tgz#ee7959676e7b5d6a3813e8c17d5e50df98b95df9"
  integrity sha512-5ZenDQMC48wjUzPAm1EtwQ5Ot3bLIAwwqP2w2owG5KoNdNHpEJV263nGhCeKKmuA3vG2zLLOdu3or6kuDjA6Aw==

"@react-spring/shared@~9.7.5":
  version "9.7.5"
  resolved "https://registry.yarnpkg.com/@react-spring/shared/-/shared-9.7.5.tgz#6d513622df6ad750bbbd4dedb4ca0a653ec92073"
  integrity sha512-wdtoJrhUeeyD/PP/zo+np2s1Z820Ohr/BbuVYv+3dVLW7WctoiN7std8rISoYoHpUXtbkpesSKuPIw/6U1w1Pw==
  dependencies:
    "@react-spring/rafz" "~9.7.5"
    "@react-spring/types" "~9.7.5"

"@react-spring/types@~9.7.5":
  version "9.7.5"
  resolved "https://registry.yarnpkg.com/@react-spring/types/-/types-9.7.5.tgz#e5dd180f3ed985b44fd2cd2f32aa9203752ef3e8"
  integrity sha512-HVj7LrZ4ReHWBimBvu2SKND3cDVUPWKLqRTmWe/fNY6o1owGOX0cAHbdPDTMelgBlVbrTKrre6lFkhqGZErK/g==

"@react-spring/web@9.4.5 || ^9.7.2":
  version "9.7.5"
  resolved "https://registry.yarnpkg.com/@react-spring/web/-/web-9.7.5.tgz#7d7782560b3a6fb9066b52824690da738605de80"
  integrity sha512-lmvqGwpe+CSttsWNZVr+Dg62adtKhauGwLyGE/RRyZ8AAMLgb9x3NDMA5RMElXo+IMyTkPp7nxTB8ZQlmhb6JQ==
  dependencies:
    "@react-spring/animated" "~9.7.5"
    "@react-spring/core" "~9.7.5"
    "@react-spring/shared" "~9.7.5"
    "@react-spring/types" "~9.7.5"

"@types/d3-color@^3.0.0":
  version "3.1.3"
  resolved "https://registry.yarnpkg.com/@types/d3-color/-/d3-color-3.1.3.tgz#368c961a18de721da8200e80bf3943fb53136af2"
  integrity sha512-iO90scth9WAbmgv7ogoq57O9YpKmFBbmoEoCHDB2xMBY0+/KVrqAaCDyCE16dUspeOvIxFFRI+0sEtqDqy2b4A==

"@types/d3-format@^1.4.1":
  version "1.4.5"
  resolved "https://registry.yarnpkg.com/@types/d3-format/-/d3-format-1.4.5.tgz#6392303c2ca3c287c3a1a2046455cd0a0bd50bbe"
  integrity sha512-mLxrC1MSWupOSncXN/HOlWUAAIffAEBaI4+PKy2uMPsKe4FNZlk7qrbTjmzJXITQQqBHivaks4Td18azgqnotA==

"@types/d3-path@*":
  version "3.1.0"
  resolved "https://registry.yarnpkg.com/@types/d3-path/-/d3-path-3.1.0.tgz#2b907adce762a78e98828f0b438eaca339ae410a"
  integrity sha512-P2dlU/q51fkOc/Gfl3Ul9kicV7l+ra934qBFXCFhrZMOL6du1TM0pm1ThYvENukyOn5h9v+yMJ9Fn5JK4QozrQ==

"@types/d3-scale-chromatic@^3.0.0":
  version "3.1.0"
  resolved "https://registry.yarnpkg.com/@types/d3-scale-chromatic/-/d3-scale-chromatic-3.1.0.tgz#dc6d4f9a98376f18ea50bad6c39537f1b5463c39"
  integrity sha512-iWMJgwkK7yTRmWqRB5plb1kadXyQ5Sj8V/zYlFGMUBbIPKQScw+Dku9cAAMgJG+z5GYDoMjWGLVOvjghDEFnKQ==

"@types/d3-scale@^4.0.8":
  version "4.0.8"
  resolved "https://registry.yarnpkg.com/@types/d3-scale/-/d3-scale-4.0.8.tgz#d409b5f9dcf63074464bf8ddfb8ee5a1f95945bb"
  integrity sha512-gkK1VVTr5iNiYJ7vWDI+yUFFlszhNMtVeneJ6lUTKPjprsvLLI9/tgEGiXJOnlINJA8FyA88gfnQsHbybVZrYQ==
  dependencies:
    "@types/d3-time" "*"

"@types/d3-shape@^3.1.6":
  version "3.1.7"
  resolved "https://registry.yarnpkg.com/@types/d3-shape/-/d3-shape-3.1.7.tgz#2b7b423dc2dfe69c8c93596e673e37443348c555"
  integrity sha512-VLvUQ33C+3J+8p+Daf+nYSOsjB4GXp19/S/aGo60m9h1v6XaxjiT82lKVWJCfzhtuZ3yD7i/TPeC/fuKLLOSmg==
  dependencies:
    "@types/d3-path" "*"

"@types/d3-time-format@^2.3.1":
  version "2.3.4"
  resolved "https://registry.yarnpkg.com/@types/d3-time-format/-/d3-time-format-2.3.4.tgz#544af5184df8b3fc4d9b42b14058789acee2905e"
  integrity sha512-xdDXbpVO74EvadI3UDxjxTdR6QIxm1FKzEA/+F8tL4GWWUg/hgvBqf6chql64U5A9ZUGWo7pEu4eNlyLwbKdhg==

"@types/d3-time-format@^3.0.0":
  version "3.0.4"
  resolved "https://registry.yarnpkg.com/@types/d3-time-format/-/d3-time-format-3.0.4.tgz#f972bdd7be1048184577cf235a44721a78c6bb4b"
  integrity sha512-or9DiDnYI1h38J9hxKEsw513+KVuFbEVhl7qdxcaudoiqWWepapUen+2vAriFGexr6W5+P4l9+HJrB39GG+oRg==

"@types/d3-time@*":
  version "3.0.4"
  resolved "https://registry.yarnpkg.com/@types/d3-time/-/d3-time-3.0.4.tgz#8472feecd639691450dd8000eb33edd444e1323f"
  integrity sha512-yuzZug1nkAAaBlBBikKZTgzCeA+k1uy4ZFwWANOfKw5z5LRhV0gNA7gNkKm7HoK+HRN0wX3EkxGk0fpbWhmB7g==

"@types/d3-time@^1.1.1":
  version "1.1.4"
  resolved "https://registry.yarnpkg.com/@types/d3-time/-/d3-time-1.1.4.tgz#20da4b75c537a940e7319b75717c67a2e499515a"
  integrity sha512-JIvy2HjRInE+TXOmIGN5LCmeO0hkFZx5f9FZ7kiN+D+YTcc8pptsiLiuHsvwxwC7VVKmJ2ExHUgNlAiV7vQM9g==

"@types/prop-types@^15.7.2":
  version "15.7.14"
  resolved "https://registry.yarnpkg.com/@types/prop-types/-/prop-types-15.7.14.tgz#1433419d73b2a7ebfc6918dcefd2ec0d5cd698f2"
  integrity sha512-gNMvNH49DJ7OJYv+KAKn0Xp45p8PLl6zo2YnvDIbTd4J6MER2BmWN49TG7n9LvkyihINxeKW8+3bfS2yDC9dzQ==

d3-array@2:
  version "2.12.1"
  resolved "https://registry.yarnpkg.com/d3-array/-/d3-array-2.12.1.tgz#e20b41aafcdffdf5d50928004ececf815a465e81"
  integrity sha512-B0ErZK/66mHtEsR1TkPEEkwdy+WDesimkM5gpZr5Dsg54BiTA5RXtYW5qTLIAcekaS9xfZrzBLF/OAkB3Qn1YQ==
  dependencies:
    internmap "^1.0.0"

"d3-array@2 - 3", "d3-array@2.10.0 - 3":
  version "3.2.4"
  resolved "https://registry.yarnpkg.com/d3-array/-/d3-array-3.2.4.tgz#15fec33b237f97ac5d7c986dc77da273a8ed0bb5"
  integrity sha512-tdQAmyA18i4J7wprpYq8ClcxZy3SC31QMeByyCFyRt7BVHdREQZ5lpzoe5mFEYZUWe+oq8HBvk9JjpibyEV4Jg==
  dependencies:
    internmap "1 - 2"

"d3-color@1 - 3", d3-color@^3.1.0:
  version "3.1.0"
  resolved "https://registry.yarnpkg.com/d3-color/-/d3-color-3.1.0.tgz#395b2833dfac71507f12ac2f7af23bf819de24e2"
  integrity sha512-zg/chbXyeBtMQ1LbD/WSoW2DpC3I0mpmPdW+ynRTj/x2DAWYrIY7qeZIHidozwV24m4iavr15lNwIwLxRmOxhA==

"d3-format@1 - 3":
  version "3.1.0"
  resolved "https://registry.yarnpkg.com/d3-format/-/d3-format-3.1.0.tgz#9260e23a28ea5cb109e93b21a06e24e2ebd55641"
  integrity sha512-YyUI6AEuY/Wpt8KWLgZHsIU86atmikuoOmCfommt0LYHiQSPjvX2AcFc38PX0CBpr2RCyZhjex+NS/LPOv6YqA==

d3-format@^1.4.4:
  version "1.4.5"
  resolved "https://registry.yarnpkg.com/d3-format/-/d3-format-1.4.5.tgz#374f2ba1320e3717eb74a9356c67daee17a7edb4"
  integrity sha512-J0piedu6Z8iB6TbIGfZgDzfXxUFN3qQRMofy2oPdXzQibYGqPB/9iMcxr/TGalU+2RsyDO+U4f33id8tbnSRMQ==

"d3-interpolate@1 - 3", "d3-interpolate@1.2.0 - 3", d3-interpolate@^3.0.1:
  version "3.0.1"
  resolved "https://registry.yarnpkg.com/d3-interpolate/-/d3-interpolate-3.0.1.tgz#3c47aa5b32c5b3dfb56ef3fd4342078a632b400d"
  integrity sha512-3bYs1rOD33uo8aqJfKP3JWPAibgw8Zm2+L9vBKEHJ2Rg+viTR7o5Mmv5mZcieN+FRYaAOWX5SJATX6k1PWz72g==
  dependencies:
    d3-color "1 - 3"

d3-path@^3.1.0:
  version "3.1.0"
  resolved "https://registry.yarnpkg.com/d3-path/-/d3-path-3.1.0.tgz#22df939032fb5a71ae8b1800d61ddb7851c42526"
  integrity sha512-p3KP5HCf/bvjBSSKuXid6Zqijx7wIfNW+J/maPs+iwR35at5JCbLUT0LzF1cnjbCHWhqzQTIN2Jpe8pRebIEFQ==

d3-scale-chromatic@^3.0.0:
  version "3.1.0"
  resolved "https://registry.yarnpkg.com/d3-scale-chromatic/-/d3-scale-chromatic-3.1.0.tgz#34c39da298b23c20e02f1a4b239bd0f22e7f1314"
  integrity sha512-A3s5PWiZ9YCXFye1o246KoscMWqf8BsD9eRiJ3He7C9OBaxKhAd5TFCdEx/7VbKtxxTsu//1mMJFrEt572cEyQ==
  dependencies:
    d3-color "1 - 3"
    d3-interpolate "1 - 3"

d3-scale@^4.0.2:
  version "4.0.2"
  resolved "https://registry.yarnpkg.com/d3-scale/-/d3-scale-4.0.2.tgz#82b38e8e8ff7080764f8dcec77bd4be393689396"
  integrity sha512-GZW464g1SH7ag3Y7hXjf8RoUuAFIqklOAq3MRl4OaWabTFJY9PN/E1YklhXLh+OQ3fM9yS2nOkCoS+WLZ6kvxQ==
  dependencies:
    d3-array "2.10.0 - 3"
    d3-format "1 - 3"
    d3-interpolate "1.2.0 - 3"
    d3-time "2.1.1 - 3"
    d3-time-format "2 - 4"

d3-shape@^3.2.0:
  version "3.2.0"
  resolved "https://registry.yarnpkg.com/d3-shape/-/d3-shape-3.2.0.tgz#a1a839cbd9ba45f28674c69d7f855bcf91dfc6a5"
  integrity sha512-SaLBuwGm3MOViRq2ABk3eLoxwZELpH6zhl3FbAoJ7Vm1gofKx6El1Ib5z23NUEhF9AsGl7y+dzLe5Cw2AArGTA==
  dependencies:
    d3-path "^3.1.0"

"d3-time-format@2 - 4":
  version "4.1.0"
  resolved "https://registry.yarnpkg.com/d3-time-format/-/d3-time-format-4.1.0.tgz#7ab5257a5041d11ecb4fe70a5c7d16a195bb408a"
  integrity sha512-dJxPBlzC7NugB2PDLwo9Q8JiTR3M3e4/XANkreKSUxF8vvXKqm1Yfq4Q5dl8budlunRVlUUaDUgFt7eA8D6NLg==
  dependencies:
    d3-time "1 - 3"

d3-time-format@^3.0.0:
  version "3.0.0"
  resolved "https://registry.yarnpkg.com/d3-time-format/-/d3-time-format-3.0.0.tgz#df8056c83659e01f20ac5da5fdeae7c08d5f1bb6"
  integrity sha512-UXJh6EKsHBTjopVqZBhFysQcoXSv/5yLONZvkQ5Kk3qbwiUYkdX17Xa1PT6U1ZWXGGfB1ey5L8dKMlFq2DO0Ag==
  dependencies:
    d3-time "1 - 2"

"d3-time@1 - 2":
  version "2.1.1"
  resolved "https://registry.yarnpkg.com/d3-time/-/d3-time-2.1.1.tgz#e9d8a8a88691f4548e68ca085e5ff956724a6682"
  integrity sha512-/eIQe/eR4kCQwq7yxi7z4c6qEXf2IYGcjoWB5OOQy4Tq9Uv39/947qlDcN2TLkiTzQWzvnsuYPB9TrWaNfipKQ==
  dependencies:
    d3-array "2"

"d3-time@1 - 3", "d3-time@2.1.1 - 3":
  version "3.1.0"
  resolved "https://registry.yarnpkg.com/d3-time/-/d3-time-3.1.0.tgz#9310db56e992e3c0175e1ef385e545e48a9bb5c7"
  integrity sha512-VqKjzBLejbSMT4IgbmVgDjpkYrNWUYJnbCGo874u7MMKIWsILRX+OpX/gTk8MqjpT1A/c6HY2dCA77ZN0lkQ2Q==
  dependencies:
    d3-array "2 - 3"

d3-time@^1.0.11:
  version "1.1.0"
  resolved "https://registry.yarnpkg.com/d3-time/-/d3-time-1.1.0.tgz#b1e19d307dae9c900b7e5b25ffc5dcc249a8a0f1"
  integrity sha512-Xh0isrZ5rPYYdqhAVk8VLnMEidhz5aP7htAADH6MfzgmmicPkTo8LhkLxci61/lCB7n7UmE3bN0leRt+qvkLxA==

husky@^9.1.7:
  version "9.1.7"
  resolved "https://registry.yarnpkg.com/husky/-/husky-9.1.7.tgz#d46a38035d101b46a70456a850ff4201344c0b2d"
  integrity sha512-5gs5ytaNjBrh5Ow3zrvdUUY+0VxIuWVL4i9irt6friV+BqdCfmV11CQTWMiBYWHbXhco+J1kHfTOUkePhCDvMA==

"internmap@1 - 2":
  version "2.0.3"
  resolved "https://registry.yarnpkg.com/internmap/-/internmap-2.0.3.tgz#6685f23755e43c524e251d29cbc97248e3061009"
  integrity sha512-5Hh7Y1wQbvY5ooGgPbDaL5iYLAPzMTUrjMulskHLH6wnv/A+1q5rgEaiuqEjB+oxGXIVZs1FF+R/KPN3ZSQYYg==

internmap@^1.0.0:
  version "1.0.1"
  resolved "https://registry.yarnpkg.com/internmap/-/internmap-1.0.1.tgz#0017cc8a3b99605f0302f2b198d272e015e5df95"
  integrity sha512-lDB5YccMydFBtasVtxnZ3MRBHuaoE8GKsppq+EchKL2U4nK/DmEpPHNH8MZe5HkMtpSiTSOZwfN0tzYjO/lJEw==

"js-tokens@^3.0.0 || ^4.0.0":
  version "4.0.0"
  resolved "https://registry.yarnpkg.com/js-tokens/-/js-tokens-4.0.0.tgz#19203fb59991df98e3a287050d4647cdeaf32499"
  integrity sha512-RdJUflcE3cUzKiMqQgsCu06FPu9UdIJO0beYbPhHN4k6apgJtifcoCtT9bcxOpYBtpD2kCM6Sbzg4CausW/PKQ==

lodash@^4.17.21:
  version "4.17.21"
  resolved "https://registry.yarnpkg.com/lodash/-/lodash-4.17.21.tgz#679591c564c3bffaae8454cf0b3df370c3d6911c"
  integrity sha512-v2kDEe57lecTulaDIuNTPy3Ry4gLGJ6Z1O3vE1krgXZNrsQ+LFTGHVxVjcXPs17LhbZVGedAJv8XZ1tvj5FvSg==

loose-envify@^1.4.0:
  version "1.4.0"
  resolved "https://registry.yarnpkg.com/loose-envify/-/loose-envify-1.4.0.tgz#71ee51fa7be4caec1a63839f7e682d8132d30caf"
  integrity sha512-lyuxPGr/Wfhrlem2CL/UcnUc1zcqKAImBDzukY7Y5F/yQiNdko6+fRLevlw1HgMySw7f611UIY408EtxRSoK3Q==
  dependencies:
    js-tokens "^3.0.0 || ^4.0.0"

object-assign@^4.1.1:
  version "4.1.1"
  resolved "https://registry.yarnpkg.com/object-assign/-/object-assign-4.1.1.tgz#2109adc7965887cfc05cbbd442cac8bfbb360863"
  integrity sha512-rJgTQnkUnH1sFw8yT6VSU3zD3sWmu6sZhIseY8VX+GRu3P6F7Fu+JNDoXfklElbLJSnc3FUQHVe4cU5hj+BcUg==

prop-types@^15.7.2:
  version "15.8.1"
  resolved "https://registry.yarnpkg.com/prop-types/-/prop-types-15.8.1.tgz#67d87bf1a694f48435cf332c24af10214a3140b5"
  integrity sha512-oj87CgZICdulUohogVAR7AjlC0327U4el4L6eAvOqCeudMDVU0NThNaV+b9Df4dXgSP1gXMTnPdhfe/2qDH5cg==
  dependencies:
    loose-envify "^1.4.0"
    object-assign "^4.1.1"
    react-is "^16.13.1"

react-is@^16.13.1:
  version "16.13.1"
  resolved "https://registry.yarnpkg.com/react-is/-/react-is-16.13.1.tgz#789729a4dc36de2999dc156dd6c1d9c18cea56a4"
  integrity sha512-24e6ynE2H+OKt4kqsOvNd8kBpV65zoxbA4BVsEOB3ARVWQki/DHzaUoC5KuON/BiccDaCCTZBuOcfZs70kR8bQ==
